
Microsoft Visual Studio Solution File, Format Version 12.00
# Visual Studio Version 17
VisualStudioVersion = 17.14.36414.22 d17.14
MinimumVisualStudioVersion = 10.0.40219.1
Project("{FAE04EC0-301F-11D3-BF4B-00C04F79EFBC}") = "Baxic Concept", "Baxic Concept\Baxic Concept.csproj", "{17ACA0C0-45D6-4A63-8DAF-66245DD30496}"
EndProject
Global
	GlobalSection(SolutionConfigurationPlatforms) = preSolution
		Debug|Any CPU = Debug|Any CPU
		Release|Any CPU = Release|Any CPU
	EndGlobalSection
	GlobalSection(ProjectConfigurationPlatforms) = postSolution
		{17ACA0C0-45D6-4A63-8DAF-66245DD30496}.Debug|Any CPU.ActiveCfg = Debug|Any CPU
		{17ACA0C0-45D6-4A63-8DAF-66245DD30496}.Debug|Any CPU.Build.0 = Debug|Any CPU
		{17ACA0C0-45D6-4A63-8DAF-66245DD30496}.Release|Any CPU.ActiveCfg = Release|Any CPU
		{17ACA0C0-45D6-4A63-8DAF-66245DD30496}.Release|Any CPU.Build.0 = Release|Any CPU
	EndGlobalSection
	GlobalSection(SolutionProperties) = preSolution
		HideSolutionNode = FALSE
	EndGlobalSection
	GlobalSection(ExtensibilityGlobals) = postSolution
		SolutionGuid = {A341D465-CEAB-4C41-880C-14B5E4AB444F}
	EndGlobalSection
EndGlobal
